
Microsoft Visual Studio Solution File, Format Version 12.00
# Visual Studio 15
VisualStudioVersion = 15.0.28307.1082
MinimumVisualStudioVersion = 10.0.40219.1
Project("{FAE04EC0-301F-11D3-BF4B-00C04F79EFBC}") = "SecondVebApp", "SecondVebApp\SecondVebApp.csproj", "{B36EADBD-E98A-471C-AE40-B2C3C31551A6}"
EndProject
Global
	GlobalSection(SolutionConfigurationPlatforms) = preSolution
		Debug|Any CPU = Debug|Any CPU
		Release|Any CPU = Release|Any CPU
	EndGlobalSection
	GlobalSection(ProjectConfigurationPlatforms) = postSolution
		{B36EADBD-E98A-471C-AE40-B2C3C31551A6}.Debug|Any CPU.ActiveCfg = Debug|Any CPU
		{B36EADBD-E98A-471C-AE40-B2C3C31551A6}.Debug|Any CPU.Build.0 = Debug|Any CPU
		{B36EADBD-E98A-471C-AE40-B2C3C31551A6}.Release|Any CPU.ActiveCfg = Release|Any CPU
		{B36EADBD-E98A-471C-AE40-B2C3C31551A6}.Release|Any CPU.Build.0 = Release|Any CPU
	EndGlobalSection
	GlobalSection(SolutionProperties) = preSolution
		HideSolutionNode = FALSE
	EndGlobalSection
	GlobalSection(ExtensibilityGlobals) = postSolution
		SolutionGuid = {D3F91666-490B-4729-98F8-2EFC80CF0B7F}
	EndGlobalSection
EndGlobal
